// !$*UTF8*$!
{
	archiveVersion = 1;
	classes = {
	};
	objectVersion = 46;
	objects = {

/* Begin PBXBuildFile section */
		2F5950B41DE3643E00B71C3E /* AppDelegate.swift in Sources */ = {isa = PBXBuildFile; fileRef = 2F5950B31DE3643E00B71C3E /* AppDelegate.swift */; };
		2F5950B61DE3643E00B71C3E /* ViewController.swift in Sources */ = {isa = PBXBuildFile; fileRef = 2F5950B51DE3643E00B71C3E /* ViewController.swift */; };
		2F5950B91DE3643E00B71C3E /* Main.storyboard in Resources */ = {isa = PBXBuildFile; fileRef = 2F5950B71DE3643E00B71C3E /* Main.storyboard */; };
		2F5950BC1DE3643E00B71C3E /* PokeQR.xcdatamodeld in Sources */ = {isa = PBXBuildFile; fileRef = 2F5950BA1DE3643E00B71C3E /* PokeQR.xcdatamodeld */; };
		2F5950BE1DE3643E00B71C3E /* Assets.xcassets in Resources */ = {isa = PBXBuildFile; fileRef = 2F5950BD1DE3643E00B71C3E /* Assets.xcassets */; };
		2F5950C11DE3643E00B71C3E /* LaunchScreen.storyboard in Resources */ = {isa = PBXBuildFile; fileRef = 2F5950BF1DE3643E00B71C3E /* LaunchScreen.storyboard */; };
/* End PBXBuildFile section */

/* Begin PBXFileReference section */
		2F5950B01DE3643E00B71C3E /* PokeQR.app */ = {isa = PBXFileReference; explicitFileType = wrapper.application; includeInIndex = 0; path = PokeQR.app; sourceTree = BUILT_PRODUCTS_DIR; };
		2F5950B31DE3643E00B71C3E /* AppDelegate.swift */ = {isa = PBXFileReference; lastKnownFileType = sourcecode.swift; path = AppDelegate.swift; sourceTree = "<group>"; };
		2F5950B51DE3643E00B71C3E /* ViewController.swift */ = {isa = PBXFileReference; lastKnownFileType = sourcecode.swift; path = ViewController.swift; sourceTree = "<group>"; };
		2F5950B81DE3643E00B71C3E /* Base */ = {isa = PBXFileReference; lastKnownFileType = file.storyboard; name = Base; path = Base.lproj/Main.storyboard; sourceTree = "<group>"; };
		2F5950BB1DE3643E00B71C3E /* PokeQR.xcdatamodel */ = {isa = PBXFileReference; lastKnownFileType = wrapper.xcdatamodel; path = PokeQR.xcdatamodel; sourceTree = "<group>"; };
		2F5950BD1DE3643E00B71C3E /* Assets.xcassets */ = {isa = PBXFileReference; lastKnownFileType = folder.assetcatalog; path = Assets.xcassets; sourceTree = "<group>"; };
		2F5950C01DE3643E00B71C3E /* Base */ = {isa = PBXFileReference; lastKnownFileType = file.storyboard; name = Base; path = Base.lproj/LaunchScreen.storyboard; sourceTree = "<group>"; };
		2F5950C21DE3643E00B71C3E /* Info.plist */ = {isa = PBXFileReference; lastKnownFileType = text.plist.xml; path = Info.plist; sourceTree = "<group>"; };
/* End PBXFileReference section */

/* Begin PBXFrameworksBuildPhase section */
		2F5950AD1DE3643E00B71C3E /* Frameworks */ = {
			isa = PBXFrameworksBuildPhase;
			buildActionMask = 2147483647;
			files = (
			);
			runOnlyForDeploymentPostprocessing = 0;
		};
/* End PBXFrameworksBuildPhase section */

/* Begin PBXGroup section */
		2F5950A71DE3643E00B71C3E = {
			isa = PBXGroup;
			children = (
				2F5950B21DE3643E00B71C3E /* PokeQR */,
				2F5950B11DE3643E00B71C3E /* Products */,
			);
			sourceTree = "<group>";
		};
		2F5950B11DE3643E00B71C3E /* Products */ = {
			isa = PBXGroup;
			children = (
				2F5950B01DE3643E00B71C3E /* PokeQR.app */,
			);
			name = Products;
			sourceTree = "<group>";
		};
		2F5950B21DE3643E00B71C3E /* PokeQR */ = {
			isa = PBXGroup;
			children = (
				2F5950B31DE3643E00B71C3E /* AppDelegate.swift */,
				2F5950B51DE3643E00B71C3E /* ViewController.swift */,
				2F5950B71DE3643E00B71C3E /* Main.storyboard */,
				2F5950BD1DE3643E00B71C3E /* Assets.xcassets */,
				2F5950BF1DE3643E00B71C3E /* LaunchScreen.storyboard */,
				2F5950C21DE3643E00B71C3E /* Info.plist */,
				2F5950BA1DE3643E00B71C3E /* PokeQR.xcdatamodeld */,
			);
			path = PokeQR;
			sourceTree = "<group>";
		};
/* End PBXGroup section */

/* Begin PBXNativeTarget section */
		2F5950AF1DE3643E00B71C3E /* PokeQR */ = {
			isa = PBXNativeTarget;
			buildConfigurationList = 2F5950C51DE3643E00B71C3E /* Build configuration list for PBXNativeTarget "PokeQR" */;
			buildPhases = (
				2F5950AC1DE3643E00B71C3E /* Sources */,
				2F5950AD1DE3643E00B71C3E /* Frameworks */,
				2F5950AE1DE3643E00B71C3E /* Resources */,
			);
			buildRules = (
			);
			dependencies = (
			);
			name = PokeQR;
			productName = PokeQR;
			productReference = 2F5950B01DE3643E00B71C3E /* PokeQR.app */;
			productType = "com.apple.product-type.application";
		};
/* End PBXNativeTarget section */

/* Begin PBXProject section */
		2F5950A81DE3643E00B71C3E /* Project object */ = {
			isa = PBXProject;
			attributes = {
				LastSwiftUpdateCheck = 0810;
				LastUpgradeCheck = 0810;
				ORGANIZATIONNAME = "Michael Rohn";
				TargetAttributes = {
					2F5950AF1DE3643E00B71C3E = {
						CreatedOnToolsVersion = 8.1;
						ProvisioningStyle = Automatic;
					};
				};
			};
			buildConfigurationList = 2F5950AB1DE3643E00B71C3E /* Build configuration list for PBXProject "PokeQR" */;
			compatibilityVersion = "Xcode 3.2";
			developmentRegion = English;
			hasScannedForEncodings = 0;
			knownRegions = (
				en,
				Base,
			);
			mainGroup = 2F5950A71DE3643E00B71C3E;
			productRefGroup = 2F5950B11DE3643E00B71C3E /* Products */;
			projectDirPath = "";
			projectRoot = "";
			targets = (
				2F5950AF1DE3643E00B71C3E /* PokeQR */,
			);
		};
/* End PBXProject section */

/* Begin PBXResourcesBuildPhase section */
		2F5950AE1DE3643E00B71C3E /* Resources */ = {
			isa = PBXResourcesBuildPhase;
			buildActionMask = 2147483647;
			files = (
				2F5950C11DE3643E00B71C3E /* LaunchScreen.storyboard in Resources */,
				2F5950BE1DE3643E00B71C3E /* Assets.xcassets in Resources */,
				2F5950B91DE3643E00B71C3E /* Main.storyboard in Resources */,
			);
			runOnlyForDeploymentPostprocessing = 0;
		};
/* End PBXResourcesBuildPhase section */

/* Begin PBXSourcesBuildPhase section */
		2F5950AC1DE3643E00B71C3E /* Sources */ = {
			isa = PBXSourcesBuildPhase;
			buildActionMask = 2147483647;
			files = (
				2F5950B61DE3643E00B71C3E /* ViewController.swift in Sources */,
				2F5950B41DE3643E00B71C3E /* AppDelegate.swift in Sources */,
				2F5950BC1DE3643E00B71C3E /* PokeQR.xcdatamodeld in Sources */,
			);
			runOnlyForDeploymentPostprocessing = 0;
		};
/* End PBXSourcesBuildPhase section */

/* Begin PBXVariantGroup section */
		2F5950B71DE3643E00B71C3E /* Main.storyboard */ = {
			isa = PBXVariantGroup;
			children = (
				2F5950B81DE3643E00B71C3E /* Base */,
			);
			name = Main.storyboard;
			sourceTree = "<group>";
		};
		2F5950BF1DE3643E00B71C3E /* LaunchScreen.storyboard */ = {
			isa = PBXVariantGroup;
			children = (
				2F5950C01DE3643E00B71C3E /* Base */,
			);
			name = LaunchScreen.storyboard;
			sourceTree = "<group>";
		};
/* End PBXVariantGroup section */

/* Begin XCBuildConfiguration section */
		2F5950C31DE3643E00B71C3E /* Debug */ = {
			isa = XCBuildConfiguration;
			buildSettings = {
				ALWAYS_SEARCH_USER_PATHS = NO;
				CLANG_ANALYZER_NONNULL = YES;
				CLANG_CXX_LANGUAGE_STANDARD = "gnu++0x";
				CLANG_CXX_LIBRARY = "libc++";
				CLANG_ENABLE_MODULES = YES;
				CLANG_ENABLE_OBJC_ARC = YES;
				CLANG_WARN_BOOL_CONVERSION = YES;
				CLANG_WARN_CONSTANT_CONVERSION = YES;
				CLANG_WARN_DIRECT_OBJC_ISA_USAGE = YES_ERROR;
				CLANG_WARN_DOCUMENTATION_COMMENTS = YES;
				CLANG_WARN_EMPTY_BODY = YES;
				CLANG_WARN_ENUM_CONVERSION = YES;
				CLANG_WARN_INFINITE_RECURSION = YES;
				CLANG_WARN_INT_CONVERSION = YES;
				CLANG_WARN_OBJC_ROOT_CLASS = YES_ERROR;
				CLANG_WARN_SUSPICIOUS_MOVES = YES;
				CLANG_WARN_UNREACHABLE_CODE = YES;
				CLANG_WARN__DUPLICATE_METHOD_MATCH = YES;
				"CODE_SIGN_IDENTITY[sdk=iphoneos*]" = "iPhone Developer";
				COPY_PHASE_STRIP = NO;
				DEBUG_INFORMATION_FORMAT = dwarf;
				ENABLE_STRICT_OBJC_MSGSEND = YES;
				ENABLE_TESTABILITY = YES;
				GCC_C_LANGUAGE_STANDARD = gnu99;
				GCC_DYNAMIC_NO_PIC = NO;
				GCC_NO_COMMON_BLOCKS = YES;
				GCC_OPTIMIZATION_LEVEL = 0;
				GCC_PREPROCESSOR_DEFINITIONS = (
					"DEBUG=1",
					"$(inherited)",
				);
				GCC_WARN_64_TO_32_BIT_CONVERSION = YES;
				GCC_WARN_ABOUT_RETURN_TYPE = YES_ERROR;
				GCC_WARN_UNDECLARED_SELECTOR = YES;
				GCC_WARN_UNINITIALIZED_AUTOS = YES_AGGRESSIVE;
				GCC_WARN_UNUSED_FUNCTION = YES;
				GCC_WARN_UNUSED_VARIABLE = YES;
				IPHONEOS_DEPLOYMENT_TARGET = 10.1;
				MTL_ENABLE_DEBUG_INFO = YES;
				ONLY_ACTIVE_ARCH = YES;
				SDKROOT = iphoneos;
				SWIFT_ACTIVE_COMPILATION_CONDITIONS = DEBUG;
				SWIFT_OPTIMIZATION_LEVEL = "-Onone";
				TARGETED_DEVICE_FAMILY = "1,2";
			};
			name = Debug;
		};
		2F5950C41DE3643E00B71C3E /* Release */ = {
			isa = XCBuildConfiguration;
			buildSettings = {
				ALWAYS_SEARCH_USER_PATHS = NO;
				CLANG_ANALYZER_NONNULL = YES;
				CLANG_CXX_LANGUAGE_STANDARD = "gnu++0x";
				CLANG_CXX_LIBRARY = "libc++";
				CLANG_ENABLE_MODULES = YES;
				CLANG_ENABLE_OBJC_ARC = YES;
				CLANG_WARN_BOOL_CONVERSION = YES;
				CLANG_WARN_CONSTANT_CONVERSION = YES;
				CLANG_WARN_DIRECT_OBJC_ISA_USAGE = YES_ERROR;
				CLANG_WARN_DOCUMENTATION_COMMENTS = YES;
				CLANG_WARN_EMPTY_BODY = YES;
				CLANG_WARN_ENUM_CONVERSION = YES;
				CLANG_WARN_INFINITE_RECURSION = YES;
				CLANG_WARN_INT_CONVERSION = YES;
				CLANG_WARN_OBJC_ROOT_CLASS = YES_ERROR;
				CLANG_WARN_SUSPICIOUS_MOVES = YES;
				CLANG_WARN_UNREACHABLE_CODE = YES;
				CLANG_WARN__DUPLICATE_METHOD_MATCH = YES;
				"CODE_SIGN_IDENTITY[sdk=iphoneos*]" = "iPhone Developer";
				COPY_PHASE_STRIP = NO;
				DEBUG_INFORMATION_FORMAT = "dwarf-with-dsym";
				ENABLE_NS_ASSERTIONS = NO;
				ENABLE_STRICT_OBJC_MSGSEND = YES;
				GCC_C_LANGUAGE_STANDARD = gnu99;
				GCC_NO_COMMON_BLOCKS = YES;
				GCC_WARN_64_TO_32_BIT_CONVERSION = YES;
				GCC_WARN_ABOUT_RETURN_TYPE = YES_ERROR;
				GCC_WARN_UNDECLARED_SELECTOR = YES;
				GCC_WARN_UNINITIALIZED_AUTOS = YES_AGGRESSIVE;
				GCC_WARN_UNUSED_FUNCTION = YES;
				GCC_WARN_UNUSED_VARIABLE = YES;
				IPHONEOS_DEPLOYMENT_TARGET = 10.1;
				MTL_ENABLE_DEBUG_INFO = NO;
				SDKROOT = iphoneos;
				SWIFT_OPTIMIZATION_LEVEL = "-Owholemodule";
				TARGETED_DEVICE_FAMILY = "1,2";
				VALIDATE_PRODUCT = YES;
			};
			name = Release;
		};
		2F5950C61DE3643E00B71C3E /* Debug */ = {
			isa = XCBuildConfiguration;
			buildSettings = {
				ASSETCATALOG_COMPILER_APPICON_NAME = AppIcon;
				INFOPLIST_FILE = PokeQR/Info.plist;
				LD_RUNPATH_SEARCH_PATHS = "$(inherited) @executable_path/Frameworks";
				PRODUCT_BUNDLE_IDENTIFIER = CodingDojo.PokeQR;
				PRODUCT_NAME = "$(TARGET_NAME)";
				SWIFT_VERSION = 3.0;
			};
			name = Debug;
		};
		2F5950C71DE3643E00B71C3E /* Release */ = {
			isa = XCBuildConfiguration;
			buildSettings = {
				ASSETCATALOG_COMPILER_APPICON_NAME = AppIcon;
				INFOPLIST_FILE = PokeQR/Info.plist;
				LD_RUNPATH_SEARCH_PATHS = "$(inherited) @executable_path/Frameworks";
				PRODUCT_BUNDLE_IDENTIFIER = CodingDojo.PokeQR;
				PRODUCT_NAME = "$(TARGET_NAME)";
				SWIFT_VERSION = 3.0;
			};
			name = Release;
		};
/* End XCBuildConfiguration section */

/* Begin XCConfigurationList section */
		2F5950AB1DE3643E00B71C3E /* Build configuration list for PBXProject "PokeQR" */ = {
			isa = XCConfigurationList;
			buildConfigurations = (
				2F5950C31DE3643E00B71C3E /* Debug */,
				2F5950C41DE3643E00B71C3E /* Release */,
			);
			defaultConfigurationIsVisible = 0;
			defaultConfigurationName = Release;
		};
		2F5950C51DE3643E00B71C3E /* Build configuration list for PBXNativeTarget "PokeQR" */ = {
			isa = XCConfigurationList;
			buildConfigurations = (
				2F5950C61DE3643E00B71C3E /* Debug */,
				2F5950C71DE3643E00B71C3E /* Release */,
			);
			defaultConfigurationIsVisible = 0;
		};
/* End XCConfigurationList section */

/* Begin XCVersionGroup section */
		2F5950BA1DE3643E00B71C3E /* PokeQR.xcdatamodeld */ = {
			isa = XCVersionGroup;
			children = (
				2F5950BB1DE3643E00B71C3E /* PokeQR.xcdatamodel */,
			);
			currentVersion = 2F5950BB1DE3643E00B71C3E /* PokeQR.xcdatamodel */;
			path = PokeQR.xcdatamodeld;
			sourceTree = "<group>";
			versionGroupType = wrapper.xcdatamodel;
		};
/* End XCVersionGroup section */
	};
	rootObject = 2F5950A81DE3643E00B71C3E /* Project object */;
}
